
Microsoft Visual Studio Solution File, Format Version 12.00
# Visual Studio Version 17
VisualStudioVersion = 17.4.33213.308
MinimumVisualStudioVersion = 10.0.40219.1
Project("{FAE04EC0-301F-11D3-BF4B-00C04F79EFBC}") = "Farm", "Farm\Farm.csproj", "{91C8A5EB-3738-4B82-ADEB-9F1E6689E9D3}"
EndProject
Global
	GlobalSection(SolutionConfigurationPlatforms) = preSolution
		Debug|Any CPU = Debug|Any CPU
		Release|Any CPU = Release|Any CPU
	EndGlobalSection
	GlobalSection(ProjectConfigurationPlatforms) = postSolution
		{91C8A5EB-3738-4B82-ADEB-9F1E6689E9D3}.Debug|Any CPU.ActiveCfg = Debug|Any CPU
		{91C8A5EB-3738-4B82-ADEB-9F1E6689E9D3}.Debug|Any CPU.Build.0 = Debug|Any CPU
		{91C8A5EB-3738-4B82-ADEB-9F1E6689E9D3}.Release|Any CPU.ActiveCfg = Release|Any CPU
		{91C8A5EB-3738-4B82-ADEB-9F1E6689E9D3}.Release|Any CPU.Build.0 = Release|Any CPU
	EndGlobalSection
	GlobalSection(SolutionProperties) = preSolution
		HideSolutionNode = FALSE
	EndGlobalSection
	GlobalSection(ExtensibilityGlobals) = postSolution
		SolutionGuid = {F7CED5A9-A9E2-4E0B-B999-5CCE49C6FDB5}
	EndGlobalSection
EndGlobal
