
Microsoft Visual Studio Solution File, Format Version 12.00
Project("{FAE04EC0-301F-11D3-BF4B-00C04F79EFBC}") = "Lab2. Cars", "Lab2. Cars\Lab2. Cars.csproj", "{1DF1D2B1-B109-4834-B93D-5B809787E091}"
EndProject
Global
	GlobalSection(SolutionConfigurationPlatforms) = preSolution
		Debug|Any CPU = Debug|Any CPU
		Release|Any CPU = Release|Any CPU
	EndGlobalSection
	GlobalSection(ProjectConfigurationPlatforms) = postSolution
		{1DF1D2B1-B109-4834-B93D-5B809787E091}.Debug|Any CPU.ActiveCfg = Debug|Any CPU
		{1DF1D2B1-B109-4834-B93D-5B809787E091}.Debug|Any CPU.Build.0 = Debug|Any CPU
		{1DF1D2B1-B109-4834-B93D-5B809787E091}.Release|Any CPU.ActiveCfg = Release|Any CPU
		{1DF1D2B1-B109-4834-B93D-5B809787E091}.Release|Any CPU.Build.0 = Release|Any CPU
	EndGlobalSection
EndGlobal
