
Microsoft Visual Studio Solution File, Format Version 12.00
# Visual Studio Version 17
VisualStudioVersion = 17.4.33213.308
MinimumVisualStudioVersion = 10.0.40219.1
Project("{FAE04EC0-301F-11D3-BF4B-00C04F79EFBC}") = "Stack of Strings", "Stack of Strings\Stack of Strings.csproj", "{7867446C-FC70-49E9-8A59-F45EAC12C701}"
EndProject
Global
	GlobalSection(SolutionConfigurationPlatforms) = preSolution
		Debug|Any CPU = Debug|Any CPU
		Release|Any CPU = Release|Any CPU
	EndGlobalSection
	GlobalSection(ProjectConfigurationPlatforms) = postSolution
		{7867446C-FC70-49E9-8A59-F45EAC12C701}.Debug|Any CPU.ActiveCfg = Debug|Any CPU
		{7867446C-FC70-49E9-8A59-F45EAC12C701}.Debug|Any CPU.Build.0 = Debug|Any CPU
		{7867446C-FC70-49E9-8A59-F45EAC12C701}.Release|Any CPU.ActiveCfg = Release|Any CPU
		{7867446C-FC70-49E9-8A59-F45EAC12C701}.Release|Any CPU.Build.0 = Release|Any CPU
	EndGlobalSection
	GlobalSection(SolutionProperties) = preSolution
		HideSolutionNode = FALSE
	EndGlobalSection
	GlobalSection(ExtensibilityGlobals) = postSolution
		SolutionGuid = {5F736037-3B13-4750-95ED-684B82183893}
	EndGlobalSection
EndGlobal
